// !$*UTF8*$!
{
	archiveVersion = 1;
	classes = {
	};
	objectVersion = 56;
	objects = {

/* Begin PBXBuildFile section */
		5902F979292208D200B1E874 /* AppDelegate.swift in Sources */ = {isa = PBXBuildFile; fileRef = 5902F978292208D200B1E874 /* AppDelegate.swift */; };
		5902F97B292208D200B1E874 /* SceneDelegate.swift in Sources */ = {isa = PBXBuildFile; fileRef = 5902F97A292208D200B1E874 /* SceneDelegate.swift */; };
		5902F97D292208D200B1E874 /* ViewController.swift in Sources */ = {isa = PBXBuildFile; fileRef = 5902F97C292208D200B1E874 /* ViewController.swift */; };
		5902F980292208D200B1E874 /* Main.storyboard in Resources */ = {isa = PBXBuildFile; fileRef = 5902F97E292208D200B1E874 /* Main.storyboard */; };
		5902F982292208D400B1E874 /* Assets.xcassets in Resources */ = {isa = PBXBuildFile; fileRef = 5902F981292208D400B1E874 /* Assets.xcassets */; };
		5902F985292208D400B1E874 /* LaunchScreen.storyboard in Resources */ = {isa = PBXBuildFile; fileRef = 5902F983292208D400B1E874 /* LaunchScreen.storyboard */; };
		5902F98E2922095100B1E874 /* Lottie in Frameworks */ = {isa = PBXBuildFile; productRef = 5902F98D2922095100B1E874 /* Lottie */; };
		5977C19929220A32008DDF76 /* LoaderView.swift in Sources */ = {isa = PBXBuildFile; fileRef = 5977C19829220A32008DDF76 /* LoaderView.swift */; };
		5977C19B29220EA1008DDF76 /* fish.json in Resources */ = {isa = PBXBuildFile; fileRef = 5977C19A29220EA1008DDF76 /* fish.json */; };
		5977C19E2922126A008DDF76 /* drinks.json in Resources */ = {isa = PBXBuildFile; fileRef = 5977C19D2922126A008DDF76 /* drinks.json */; };
		5977C1A029221270008DDF76 /* running.json in Resources */ = {isa = PBXBuildFile; fileRef = 5977C19F29221270008DDF76 /* running.json */; };
		5977C1A229221274008DDF76 /* cat.json in Resources */ = {isa = PBXBuildFile; fileRef = 5977C1A129221274008DDF76 /* cat.json */; };
/* End PBXBuildFile section */

/* Begin PBXFileReference section */
		5902F975292208D200B1E874 /* Animations.app */ = {isa = PBXFileReference; explicitFileType = wrapper.application; includeInIndex = 0; path = Animations.app; sourceTree = BUILT_PRODUCTS_DIR; };
		5902F978292208D200B1E874 /* AppDelegate.swift */ = {isa = PBXFileReference; lastKnownFileType = sourcecode.swift; path = AppDelegate.swift; sourceTree = "<group>"; };
		5902F97A292208D200B1E874 /* SceneDelegate.swift */ = {isa = PBXFileReference; lastKnownFileType = sourcecode.swift; path = SceneDelegate.swift; sourceTree = "<group>"; };
		5902F97C292208D200B1E874 /* ViewController.swift */ = {isa = PBXFileReference; lastKnownFileType = sourcecode.swift; path = ViewController.swift; sourceTree = "<group>"; };
		5902F97F292208D200B1E874 /* Base */ = {isa = PBXFileReference; lastKnownFileType = file.storyboard; name = Base; path = Base.lproj/Main.storyboard; sourceTree = "<group>"; };
		5902F981292208D400B1E874 /* Assets.xcassets */ = {isa = PBXFileReference; lastKnownFileType = folder.assetcatalog; path = Assets.xcassets; sourceTree = "<group>"; };
		5902F984292208D400B1E874 /* Base */ = {isa = PBXFileReference; lastKnownFileType = file.storyboard; name = Base; path = Base.lproj/LaunchScreen.storyboard; sourceTree = "<group>"; };
		5902F986292208D400B1E874 /* Info.plist */ = {isa = PBXFileReference; lastKnownFileType = text.plist.xml; path = Info.plist; sourceTree = "<group>"; };
		5977C19829220A32008DDF76 /* LoaderView.swift */ = {isa = PBXFileReference; lastKnownFileType = sourcecode.swift; path = LoaderView.swift; sourceTree = "<group>"; };
		5977C19A29220EA1008DDF76 /* fish.json */ = {isa = PBXFileReference; fileEncoding = 4; lastKnownFileType = text.json; path = fish.json; sourceTree = "<group>"; };
		5977C19D2922126A008DDF76 /* drinks.json */ = {isa = PBXFileReference; fileEncoding = 4; lastKnownFileType = text.json; path = drinks.json; sourceTree = "<group>"; };
		5977C19F29221270008DDF76 /* running.json */ = {isa = PBXFileReference; fileEncoding = 4; lastKnownFileType = text.json; path = running.json; sourceTree = "<group>"; };
		5977C1A129221274008DDF76 /* cat.json */ = {isa = PBXFileReference; fileEncoding = 4; lastKnownFileType = text.json; path = cat.json; sourceTree = "<group>"; };
/* End PBXFileReference section */

/* Begin PBXFrameworksBuildPhase section */
		5902F972292208D200B1E874 /* Frameworks */ = {
			isa = PBXFrameworksBuildPhase;
			buildActionMask = 2147483647;
			files = (
				5902F98E2922095100B1E874 /* Lottie in Frameworks */,
			);
			runOnlyForDeploymentPostprocessing = 0;
		};
/* End PBXFrameworksBuildPhase section */

/* Begin PBXGroup section */
		5902F96C292208D200B1E874 = {
			isa = PBXGroup;
			children = (
				5902F977292208D200B1E874 /* Animations */,
				5902F976292208D200B1E874 /* Products */,
			);
			sourceTree = "<group>";
		};
		5902F976292208D200B1E874 /* Products */ = {
			isa = PBXGroup;
			children = (
				5902F975292208D200B1E874 /* Animations.app */,
			);
			name = Products;
			sourceTree = "<group>";
		};
		5902F977292208D200B1E874 /* Animations */ = {
			isa = PBXGroup;
			children = (
				5977C19C29220EAF008DDF76 /* anim */,
				5902F978292208D200B1E874 /* AppDelegate.swift */,
				5902F97A292208D200B1E874 /* SceneDelegate.swift */,
				5902F97C292208D200B1E874 /* ViewController.swift */,
				5977C19829220A32008DDF76 /* LoaderView.swift */,
				5902F97E292208D200B1E874 /* Main.storyboard */,
				5902F981292208D400B1E874 /* Assets.xcassets */,
				5902F983292208D400B1E874 /* LaunchScreen.storyboard */,
				5902F986292208D400B1E874 /* Info.plist */,
			);
			path = Animations;
			sourceTree = "<group>";
		};
		5977C19C29220EAF008DDF76 /* anim */ = {
			isa = PBXGroup;
			children = (
				5977C19D2922126A008DDF76 /* drinks.json */,
				5977C19F29221270008DDF76 /* running.json */,
				5977C1A129221274008DDF76 /* cat.json */,
				5977C19A29220EA1008DDF76 /* fish.json */,
			);
			path = anim;
			sourceTree = "<group>";
		};
/* End PBXGroup section */

/* Begin PBXNativeTarget section */
		5902F974292208D200B1E874 /* Animations */ = {
			isa = PBXNativeTarget;
			buildConfigurationList = 5902F989292208D400B1E874 /* Build configuration list for PBXNativeTarget "Animations" */;
			buildPhases = (
				5902F971292208D200B1E874 /* Sources */,
				5902F972292208D200B1E874 /* Frameworks */,
				5902F973292208D200B1E874 /* Resources */,
			);
			buildRules = (
			);
			dependencies = (
			);
			name = Animations;
			packageProductDependencies = (
				5902F98D2922095100B1E874 /* Lottie */,
			);
			productName = Animations;
			productReference = 5902F975292208D200B1E874 /* Animations.app */;
			productType = "com.apple.product-type.application";
		};
/* End PBXNativeTarget section */

/* Begin PBXProject section */
		5902F96D292208D200B1E874 /* Project object */ = {
			isa = PBXProject;
			attributes = {
				BuildIndependentTargetsInParallel = 1;
				LastSwiftUpdateCheck = 1400;
				LastUpgradeCheck = 1400;
				TargetAttributes = {
					5902F974292208D200B1E874 = {
						CreatedOnToolsVersion = 14.0.1;
					};
				};
			};
			buildConfigurationList = 5902F970292208D200B1E874 /* Build configuration list for PBXProject "Animations" */;
			compatibilityVersion = "Xcode 14.0";
			developmentRegion = en;
			hasScannedForEncodings = 0;
			knownRegions = (
				en,
				Base,
			);
			mainGroup = 5902F96C292208D200B1E874;
			packageReferences = (
				5902F98C2922095100B1E874 /* XCRemoteSwiftPackageReference "lottie-ios" */,
			);
			productRefGroup = 5902F976292208D200B1E874 /* Products */;
			projectDirPath = "";
			projectRoot = "";
			targets = (
				5902F974292208D200B1E874 /* Animations */,
			);
		};
/* End PBXProject section */

/* Begin PBXResourcesBuildPhase section */
		5902F973292208D200B1E874 /* Resources */ = {
			isa = PBXResourcesBuildPhase;
			buildActionMask = 2147483647;
			files = (
				5902F985292208D400B1E874 /* LaunchScreen.storyboard in Resources */,
				5977C1A229221274008DDF76 /* cat.json in Resources */,
				5977C1A029221270008DDF76 /* running.json in Resources */,
				5902F982292208D400B1E874 /* Assets.xcassets in Resources */,
				5977C19E2922126A008DDF76 /* drinks.json in Resources */,
				5902F980292208D200B1E874 /* Main.storyboard in Resources */,
				5977C19B29220EA1008DDF76 /* fish.json in Resources */,
			);
			runOnlyForDeploymentPostprocessing = 0;
		};
/* End PBXResourcesBuildPhase section */

/* Begin PBXSourcesBuildPhase section */
		5902F971292208D200B1E874 /* Sources */ = {
			isa = PBXSourcesBuildPhase;
			buildActionMask = 2147483647;
			files = (
				5902F97D292208D200B1E874 /* ViewController.swift in Sources */,
				5977C19929220A32008DDF76 /* LoaderView.swift in Sources */,
				5902F979292208D200B1E874 /* AppDelegate.swift in Sources */,
				5902F97B292208D200B1E874 /* SceneDelegate.swift in Sources */,
			);
			runOnlyForDeploymentPostprocessing = 0;
		};
/* End PBXSourcesBuildPhase section */

/* Begin PBXVariantGroup section */
		5902F97E292208D200B1E874 /* Main.storyboard */ = {
			isa = PBXVariantGroup;
			children = (
				5902F97F292208D200B1E874 /* Base */,
			);
			name = Main.storyboard;
			sourceTree = "<group>";
		};
		5902F983292208D400B1E874 /* LaunchScreen.storyboard */ = {
			isa = PBXVariantGroup;
			children = (
				5902F984292208D400B1E874 /* Base */,
			);
			name = LaunchScreen.storyboard;
			sourceTree = "<group>";
		};
/* End PBXVariantGroup section */

/* Begin XCBuildConfiguration section */
		5902F987292208D400B1E874 /* Debug */ = {
			isa = XCBuildConfiguration;
			buildSettings = {
				ALWAYS_SEARCH_USER_PATHS = NO;
				CLANG_ANALYZER_NONNULL = YES;
				CLANG_ANALYZER_NUMBER_OBJECT_CONVERSION = YES_AGGRESSIVE;
				CLANG_CXX_LANGUAGE_STANDARD = "gnu++20";
				CLANG_ENABLE_MODULES = YES;
				CLANG_ENABLE_OBJC_ARC = YES;
				CLANG_ENABLE_OBJC_WEAK = YES;
				CLANG_WARN_BLOCK_CAPTURE_AUTORELEASING = YES;
				CLANG_WARN_BOOL_CONVERSION = YES;
				CLANG_WARN_COMMA = YES;
				CLANG_WARN_CONSTANT_CONVERSION = YES;
				CLANG_WARN_DEPRECATED_OBJC_IMPLEMENTATIONS = YES;
				CLANG_WARN_DIRECT_OBJC_ISA_USAGE = YES_ERROR;
				CLANG_WARN_DOCUMENTATION_COMMENTS = YES;
				CLANG_WARN_EMPTY_BODY = YES;
				CLANG_WARN_ENUM_CONVERSION = YES;
				CLANG_WARN_INFINITE_RECURSION = YES;
				CLANG_WARN_INT_CONVERSION = YES;
				CLANG_WARN_NON_LITERAL_NULL_CONVERSION = YES;
				CLANG_WARN_OBJC_IMPLICIT_RETAIN_SELF = YES;
				CLANG_WARN_OBJC_LITERAL_CONVERSION = YES;
				CLANG_WARN_OBJC_ROOT_CLASS = YES_ERROR;
				CLANG_WARN_QUOTED_INCLUDE_IN_FRAMEWORK_HEADER = YES;
				CLANG_WARN_RANGE_LOOP_ANALYSIS = YES;
				CLANG_WARN_STRICT_PROTOTYPES = YES;
				CLANG_WARN_SUSPICIOUS_MOVE = YES;
				CLANG_WARN_UNGUARDED_AVAILABILITY = YES_AGGRESSIVE;
				CLANG_WARN_UNREACHABLE_CODE = YES;
				CLANG_WARN__DUPLICATE_METHOD_MATCH = YES;
				COPY_PHASE_STRIP = NO;
				DEBUG_INFORMATION_FORMAT = dwarf;
				ENABLE_STRICT_OBJC_MSGSEND = YES;
				ENABLE_TESTABILITY = YES;
				GCC_C_LANGUAGE_STANDARD = gnu11;
				GCC_DYNAMIC_NO_PIC = NO;
				GCC_NO_COMMON_BLOCKS = YES;
				GCC_OPTIMIZATION_LEVEL = 0;
				GCC_PREPROCESSOR_DEFINITIONS = (
					"DEBUG=1",
					"$(inherited)",
				);
				GCC_WARN_64_TO_32_BIT_CONVERSION = YES;
				GCC_WARN_ABOUT_RETURN_TYPE = YES_ERROR;
				GCC_WARN_UNDECLARED_SELECTOR = YES;
				GCC_WARN_UNINITIALIZED_AUTOS = YES_AGGRESSIVE;
				GCC_WARN_UNUSED_FUNCTION = YES;
				GCC_WARN_UNUSED_VARIABLE = YES;
				IPHONEOS_DEPLOYMENT_TARGET = 16.0;
				MTL_ENABLE_DEBUG_INFO = INCLUDE_SOURCE;
				MTL_FAST_MATH = YES;
				ONLY_ACTIVE_ARCH = YES;
				SDKROOT = iphoneos;
				SWIFT_ACTIVE_COMPILATION_CONDITIONS = DEBUG;
				SWIFT_OPTIMIZATION_LEVEL = "-Onone";
			};
			name = Debug;
		};
		5902F988292208D400B1E874 /* Release */ = {
			isa = XCBuildConfiguration;
			buildSettings = {
				ALWAYS_SEARCH_USER_PATHS = NO;
				CLANG_ANALYZER_NONNULL = YES;
				CLANG_ANALYZER_NUMBER_OBJECT_CONVERSION = YES_AGGRESSIVE;
				CLANG_CXX_LANGUAGE_STANDARD = "gnu++20";
				CLANG_ENABLE_MODULES = YES;
				CLANG_ENABLE_OBJC_ARC = YES;
				CLANG_ENABLE_OBJC_WEAK = YES;
				CLANG_WARN_BLOCK_CAPTURE_AUTORELEASING = YES;
				CLANG_WARN_BOOL_CONVERSION = YES;
				CLANG_WARN_COMMA = YES;
				CLANG_WARN_CONSTANT_CONVERSION = YES;
				CLANG_WARN_DEPRECATED_OBJC_IMPLEMENTATIONS = YES;
				CLANG_WARN_DIRECT_OBJC_ISA_USAGE = YES_ERROR;
				CLANG_WARN_DOCUMENTATION_COMMENTS = YES;
				CLANG_WARN_EMPTY_BODY = YES;
				CLANG_WARN_ENUM_CONVERSION = YES;
				CLANG_WARN_INFINITE_RECURSION = YES;
				CLANG_WARN_INT_CONVERSION = YES;
				CLANG_WARN_NON_LITERAL_NULL_CONVERSION = YES;
				CLANG_WARN_OBJC_IMPLICIT_RETAIN_SELF = YES;
				CLANG_WARN_OBJC_LITERAL_CONVERSION = YES;
				CLANG_WARN_OBJC_ROOT_CLASS = YES_ERROR;
				CLANG_WARN_QUOTED_INCLUDE_IN_FRAMEWORK_HEADER = YES;
				CLANG_WARN_RANGE_LOOP_ANALYSIS = YES;
				CLANG_WARN_STRICT_PROTOTYPES = YES;
				CLANG_WARN_SUSPICIOUS_MOVE = YES;
				CLANG_WARN_UNGUARDED_AVAILABILITY = YES_AGGRESSIVE;
				CLANG_WARN_UNREACHABLE_CODE = YES;
				CLANG_WARN__DUPLICATE_METHOD_MATCH = YES;
				COPY_PHASE_STRIP = NO;
				DEBUG_INFORMATION_FORMAT = "dwarf-with-dsym";
				ENABLE_NS_ASSERTIONS = NO;
				ENABLE_STRICT_OBJC_MSGSEND = YES;
				GCC_C_LANGUAGE_STANDARD = gnu11;
				GCC_NO_COMMON_BLOCKS = YES;
				GCC_WARN_64_TO_32_BIT_CONVERSION = YES;
				GCC_WARN_ABOUT_RETURN_TYPE = YES_ERROR;
				GCC_WARN_UNDECLARED_SELECTOR = YES;
				GCC_WARN_UNINITIALIZED_AUTOS = YES_AGGRESSIVE;
				GCC_WARN_UNUSED_FUNCTION = YES;
				GCC_WARN_UNUSED_VARIABLE = YES;
				IPHONEOS_DEPLOYMENT_TARGET = 16.0;
				MTL_ENABLE_DEBUG_INFO = NO;
				MTL_FAST_MATH = YES;
				SDKROOT = iphoneos;
				SWIFT_COMPILATION_MODE = wholemodule;
				SWIFT_OPTIMIZATION_LEVEL = "-O";
				VALIDATE_PRODUCT = YES;
			};
			name = Release;
		};
		5902F98A292208D400B1E874 /* Debug */ = {
			isa = XCBuildConfiguration;
			buildSettings = {
				ASSETCATALOG_COMPILER_APPICON_NAME = AppIcon;
				ASSETCATALOG_COMPILER_GLOBAL_ACCENT_COLOR_NAME = AccentColor;
				CODE_SIGN_STYLE = Automatic;
				CURRENT_PROJECT_VERSION = 1;
				DEVELOPMENT_TEAM = XF3NTJ7MA3;
				GENERATE_INFOPLIST_FILE = YES;
				INFOPLIST_FILE = Animations/Info.plist;
				INFOPLIST_KEY_UIApplicationSupportsIndirectInputEvents = YES;
				INFOPLIST_KEY_UILaunchStoryboardName = LaunchScreen;
				INFOPLIST_KEY_UIMainStoryboardFile = Main;
				INFOPLIST_KEY_UISupportedInterfaceOrientations_iPad = "UIInterfaceOrientationPortrait UIInterfaceOrientationPortraitUpsideDown UIInterfaceOrientationLandscapeLeft UIInterfaceOrientationLandscapeRight";
				INFOPLIST_KEY_UISupportedInterfaceOrientations_iPhone = "UIInterfaceOrientationPortrait UIInterfaceOrientationLandscapeLeft UIInterfaceOrientationLandscapeRight";
				LD_RUNPATH_SEARCH_PATHS = (
					"$(inherited)",
					"@executable_path/Frameworks",
				);
				MARKETING_VERSION = 1.0;
				PRODUCT_BUNDLE_IDENTIFIER = garcia.julian.Animations;
				PRODUCT_NAME = "$(TARGET_NAME)";
				SWIFT_EMIT_LOC_STRINGS = YES;
				SWIFT_VERSION = 5.0;
				TARGETED_DEVICE_FAMILY = "1,2";
			};
			name = Debug;
		};
		5902F98B292208D400B1E874 /* Release */ = {
			isa = XCBuildConfiguration;
			buildSettings = {
				ASSETCATALOG_COMPILER_APPICON_NAME = AppIcon;
				ASSETCATALOG_COMPILER_GLOBAL_ACCENT_COLOR_NAME = AccentColor;
				CODE_SIGN_STYLE = Automatic;
				CURRENT_PROJECT_VERSION = 1;
				DEVELOPMENT_TEAM = XF3NTJ7MA3;
				GENERATE_INFOPLIST_FILE = YES;
				INFOPLIST_FILE = Animations/Info.plist;
				INFOPLIST_KEY_UIApplicationSupportsIndirectInputEvents = YES;
				INFOPLIST_KEY_UILaunchStoryboardName = LaunchScreen;
				INFOPLIST_KEY_UIMainStoryboardFile = Main;
				INFOPLIST_KEY_UISupportedInterfaceOrientations_iPad = "UIInterfaceOrientationPortrait UIInterfaceOrientationPortraitUpsideDown UIInterfaceOrientationLandscapeLeft UIInterfaceOrientationLandscapeRight";
				INFOPLIST_KEY_UISupportedInterfaceOrientations_iPhone = "UIInterfaceOrientationPortrait UIInterfaceOrientationLandscapeLeft UIInterfaceOrientationLandscapeRight";
				LD_RUNPATH_SEARCH_PATHS = (
					"$(inherited)",
					"@executable_path/Frameworks",
				);
				MARKETING_VERSION = 1.0;
				PRODUCT_BUNDLE_IDENTIFIER = garcia.julian.Animations;
				PRODUCT_NAME = "$(TARGET_NAME)";
				SWIFT_EMIT_LOC_STRINGS = YES;
				SWIFT_VERSION = 5.0;
				TARGETED_DEVICE_FAMILY = "1,2";
			};
			name = Release;
		};
/* End XCBuildConfiguration section */

/* Begin XCConfigurationList section */
		5902F970292208D200B1E874 /* Build configuration list for PBXProject "Animations" */ = {
			isa = XCConfigurationList;
			buildConfigurations = (
				5902F987292208D400B1E874 /* Debug */,
				5902F988292208D400B1E874 /* Release */,
			);
			defaultConfigurationIsVisible = 0;
			defaultConfigurationName = Release;
		};
		5902F989292208D400B1E874 /* Build configuration list for PBXNativeTarget "Animations" */ = {
			isa = XCConfigurationList;
			buildConfigurations = (
				5902F98A292208D400B1E874 /* Debug */,
				5902F98B292208D400B1E874 /* Release */,
			);
			defaultConfigurationIsVisible = 0;
			defaultConfigurationName = Release;
		};
/* End XCConfigurationList section */

/* Begin XCRemoteSwiftPackageReference section */
		5902F98C2922095100B1E874 /* XCRemoteSwiftPackageReference "lottie-ios" */ = {
			isa = XCRemoteSwiftPackageReference;
			repositoryURL = "https://github.com/airbnb/lottie-ios.git";
			requirement = {
				kind = upToNextMinorVersion;
				minimumVersion = 3.5.0;
			};
		};
/* End XCRemoteSwiftPackageReference section */

/* Begin XCSwiftPackageProductDependency section */
		5902F98D2922095100B1E874 /* Lottie */ = {
			isa = XCSwiftPackageProductDependency;
			package = 5902F98C2922095100B1E874 /* XCRemoteSwiftPackageReference "lottie-ios" */;
			productName = Lottie;
		};
/* End XCSwiftPackageProductDependency section */
	};
	rootObject = 5902F96D292208D200B1E874 /* Project object */;
}
